
Microsoft Visual Studio Solution File, Format Version 12.00
# Visual Studio Version 17
VisualStudioVersion = 17.11.35222.181
MinimumVisualStudioVersion = 10.0.40219.1
Project("{9A19103F-16F7-4668-BE54-9A1E7A4F7556}") = "PhoneConsoleApp-lab1", "PhoneConsoleApp-lab1\PhoneConsoleApp-lab1.csproj", "{AE78281C-5A85-4B7D-B88E-ED9363FD18C8}"
EndProject
Project("{FAE04EC0-301F-11D3-BF4B-00C04F79EFBC}") = "TestProjectPhone", "TestProjectPhone\TestProjectPhone.csproj", "{DE8E3BE1-E9C3-4FB8-9645-FEBF51E324D6}"
EndProject
Global
	GlobalSection(SolutionConfigurationPlatforms) = preSolution
		Debug|Any CPU = Debug|Any CPU
		Release|Any CPU = Release|Any CPU
	EndGlobalSection
	GlobalSection(ProjectConfigurationPlatforms) = postSolution
		{AE78281C-5A85-4B7D-B88E-ED9363FD18C8}.Debug|Any CPU.ActiveCfg = Debug|Any CPU
		{AE78281C-5A85-4B7D-B88E-ED9363FD18C8}.Debug|Any CPU.Build.0 = Debug|Any CPU
		{AE78281C-5A85-4B7D-B88E-ED9363FD18C8}.Release|Any CPU.ActiveCfg = Release|Any CPU
		{AE78281C-5A85-4B7D-B88E-ED9363FD18C8}.Release|Any CPU.Build.0 = Release|Any CPU
		{DE8E3BE1-E9C3-4FB8-9645-FEBF51E324D6}.Debug|Any CPU.ActiveCfg = Debug|Any CPU
		{DE8E3BE1-E9C3-4FB8-9645-FEBF51E324D6}.Debug|Any CPU.Build.0 = Debug|Any CPU
		{DE8E3BE1-E9C3-4FB8-9645-FEBF51E324D6}.Release|Any CPU.ActiveCfg = Release|Any CPU
		{DE8E3BE1-E9C3-4FB8-9645-FEBF51E324D6}.Release|Any CPU.Build.0 = Release|Any CPU
	EndGlobalSection
	GlobalSection(SolutionProperties) = preSolution
		HideSolutionNode = FALSE
	EndGlobalSection
	GlobalSection(ExtensibilityGlobals) = postSolution
		SolutionGuid = {C63C7BDF-CA4F-4AE4-91FD-AC4CBD5DFF29}
	EndGlobalSection
EndGlobal
